
Microsoft Visual Studio Solution File, Format Version 12.00
# Visual Studio Version 17
VisualStudioVersion = 17.5.002.0
MinimumVisualStudioVersion = 10.0.40219.1
Project("{9A19103F-16F7-4668-BE54-9A1E7A4F7556}") = "Arrays", "Arrays\Arrays.csproj", "{1A137600-2DC4-4EAE-B392-5D84DE89CBDD}"
EndProject
Project("{9A19103F-16F7-4668-BE54-9A1E7A4F7556}") = "BinaryTree", "BinaryTree\BinaryTree.csproj", "{9C9E9AFA-2814-4417-91CF-572E2C660AE5}"
EndProject
Project("{9A19103F-16F7-4668-BE54-9A1E7A4F7556}") = "BitManipulation", "BitManipulation\BitManipulation.csproj", "{5C3868F2-9A62-44D7-A995-972FFD751225}"
EndProject
Project("{9A19103F-16F7-4668-BE54-9A1E7A4F7556}") = "BST", "BST\BST.csproj", "{E23ECCE1-9A30-4166-B3CC-D9D2FCCE1007}"
EndProject
Project("{9A19103F-16F7-4668-BE54-9A1E7A4F7556}") = "Codetests", "Codetests\Codetests.csproj", "{906512C7-CC4F-4C83-A3C2-9BA743B91B46}"
EndProject
Project("{9A19103F-16F7-4668-BE54-9A1E7A4F7556}") = "DailyPrac", "DailyPrac\DailyPrac.csproj", "{CC310C02-4500-4D67-B116-189F02FFC69C}"
EndProject
Project("{9A19103F-16F7-4668-BE54-9A1E7A4F7556}") = "DifferentPatterns", "DifferentPatterns\DifferentPatterns.csproj", "{21B6D8FD-F48B-4097-9ACE-71A5986BD527}"
EndProject
Project("{9A19103F-16F7-4668-BE54-9A1E7A4F7556}") = "DP", "DP\DP.csproj", "{63255CC6-46F6-44FB-95E1-B1D18217339B}"
EndProject
Project("{9A19103F-16F7-4668-BE54-9A1E7A4F7556}") = "DSA2", "DSA2\DSA2.csproj", "{89B57DFE-458C-43CC-ACB6-3A6595B8ECF0}"
EndProject
Project("{9A19103F-16F7-4668-BE54-9A1E7A4F7556}") = "DSA_Misc", "DSA_Misc\DSA_Misc.csproj", "{9EBA0A95-3AE8-4F0A-B2C2-CF3268028A16}"
EndProject
Project("{9A19103F-16F7-4668-BE54-9A1E7A4F7556}") = "GenericTrees", "GenericTrees\GenericTrees.csproj", "{C51050B1-DB00-4477-A650-31F2AFB4C173}"
EndProject
Project("{9A19103F-16F7-4668-BE54-9A1E7A4F7556}") = "GraphAssignments", "GraphAssignments\GraphAssignments.csproj", "{369C4F99-87FE-4D33-9C9C-88DA1D658B8E}"
EndProject
Project("{9A19103F-16F7-4668-BE54-9A1E7A4F7556}") = "Graphs", "Graphs\Graphs.csproj", "{3EFAF25A-B59D-4E7A-A3CD-B36602E5608C}"
EndProject
Project("{9A19103F-16F7-4668-BE54-9A1E7A4F7556}") = "HashMap&Heaps", "HashMap&Heaps\HashMap&Heaps.csproj", "{136D6290-B0C1-42A8-ACE5-350ECC26FAEE}"
EndProject
Project("{9A19103F-16F7-4668-BE54-9A1E7A4F7556}") = "Heaps", "Heaps\Heaps.csproj", "{DDE031BE-02DB-46AA-80CC-B07AC597E25E}"
EndProject
Project("{9A19103F-16F7-4668-BE54-9A1E7A4F7556}") = "Knapsack", "Knapsack\Knapsack.csproj", "{15CB4536-C7F9-4420-A6B1-899CA1AB04C0}"
EndProject
Project("{9A19103F-16F7-4668-BE54-9A1E7A4F7556}") = "leetcodeChecks", "leetcodeChecks\leetcodeChecks.csproj", "{F14D290B-E4EA-4A96-A00E-B943E18FFAC4}"
EndProject
Project("{9A19103F-16F7-4668-BE54-9A1E7A4F7556}") = "LinkedList1", "LinkedList1\LinkedList1.csproj", "{209B55A3-28F7-4B32-AD02-0F8AE092F659}"
EndProject
Project("{9A19103F-16F7-4668-BE54-9A1E7A4F7556}") = "LinkedLists", "LinkedLists\LinkedLists.csproj", "{3343A0F2-5FA2-4E03-9229-6E362F7648A7}"
EndProject
Project("{9A19103F-16F7-4668-BE54-9A1E7A4F7556}") = "LiterallyAnythingMisc", "LiterallyAnythingMisc\LiterallyAnythingMisc.csproj", "{03FAC4EF-B987-42FF-AE1A-4AC6D8F3BC3A}"
EndProject
Project("{9A19103F-16F7-4668-BE54-9A1E7A4F7556}") = "LL_test", "LL_test\LL_test.csproj", "{5DFB18EE-9A1E-43E2-94B8-BE7805352AC9}"
EndProject
Project("{9A19103F-16F7-4668-BE54-9A1E7A4F7556}") = "MajorityElement", "MajorityElement\MajorityElement.csproj", "{168575C1-9C22-46CD-B1ED-B9045D5AD99C}"
EndProject
Project("{9A19103F-16F7-4668-BE54-9A1E7A4F7556}") = "MergeSort", "MergeSort\MergeSort.csproj", "{21BB44B3-83CC-46D0-9BC6-F216DA821601}"
EndProject
Project("{9A19103F-16F7-4668-BE54-9A1E7A4F7556}") = "MorePrograms", "MorePrograms\MorePrograms.csproj", "{A2DD60CD-BA20-4229-853F-433BC56C6BEE}"
EndProject
Project("{9A19103F-16F7-4668-BE54-9A1E7A4F7556}") = "OOPS", "OOPS\OOPS.csproj", "{F72D3D47-CE4B-4C42-8E48-EB94A838C7AC}"
EndProject
Project("{9A19103F-16F7-4668-BE54-9A1E7A4F7556}") = "Practice", "Practice\Practice.csproj", "{98999C3D-4013-48AA-8945-C7D6E635CF31}"
EndProject
Project("{9A19103F-16F7-4668-BE54-9A1E7A4F7556}") = "QuickSort", "QuickSort\QuickSort.csproj", "{24432271-5446-49F0-A026-8A3447043BCF}"
EndProject
Project("{9A19103F-16F7-4668-BE54-9A1E7A4F7556}") = "Sorts", "Sorts\Sorts.csproj", "{517A329B-28E4-4CA1-8143-3EC96CDF4C41}"
EndProject
Project("{9A19103F-16F7-4668-BE54-9A1E7A4F7556}") = "Stacks", "Stacks\Stacks.csproj", "{748E882D-6C6D-486E-8507-FD8C897BF879}"
EndProject
Project("{9A19103F-16F7-4668-BE54-9A1E7A4F7556}") = "TowerOfHanoi", "TowerOfHanoi\TowerOfHanoi.csproj", "{163B47B3-D369-4151-BE22-8550B5F31490}"
EndProject
Project("{9A19103F-16F7-4668-BE54-9A1E7A4F7556}") = "Trie", "Trie\Trie.csproj", "{4A644B59-43C1-42E7-99A3-C22973443F67}"
EndProject
Global
	GlobalSection(SolutionConfigurationPlatforms) = preSolution
		Debug|Any CPU = Debug|Any CPU
		Release|Any CPU = Release|Any CPU
	EndGlobalSection
	GlobalSection(ProjectConfigurationPlatforms) = postSolution
		{1A137600-2DC4-4EAE-B392-5D84DE89CBDD}.Debug|Any CPU.ActiveCfg = Debug|Any CPU
		{1A137600-2DC4-4EAE-B392-5D84DE89CBDD}.Debug|Any CPU.Build.0 = Debug|Any CPU
		{1A137600-2DC4-4EAE-B392-5D84DE89CBDD}.Release|Any CPU.ActiveCfg = Release|Any CPU
		{1A137600-2DC4-4EAE-B392-5D84DE89CBDD}.Release|Any CPU.Build.0 = Release|Any CPU
		{9C9E9AFA-2814-4417-91CF-572E2C660AE5}.Debug|Any CPU.ActiveCfg = Debug|Any CPU
		{9C9E9AFA-2814-4417-91CF-572E2C660AE5}.Debug|Any CPU.Build.0 = Debug|Any CPU
		{9C9E9AFA-2814-4417-91CF-572E2C660AE5}.Release|Any CPU.ActiveCfg = Release|Any CPU
		{9C9E9AFA-2814-4417-91CF-572E2C660AE5}.Release|Any CPU.Build.0 = Release|Any CPU
		{5C3868F2-9A62-44D7-A995-972FFD751225}.Debug|Any CPU.ActiveCfg = Debug|Any CPU
		{5C3868F2-9A62-44D7-A995-972FFD751225}.Debug|Any CPU.Build.0 = Debug|Any CPU
		{5C3868F2-9A62-44D7-A995-972FFD751225}.Release|Any CPU.ActiveCfg = Release|Any CPU
		{5C3868F2-9A62-44D7-A995-972FFD751225}.Release|Any CPU.Build.0 = Release|Any CPU
		{E23ECCE1-9A30-4166-B3CC-D9D2FCCE1007}.Debug|Any CPU.ActiveCfg = Debug|Any CPU
		{E23ECCE1-9A30-4166-B3CC-D9D2FCCE1007}.Debug|Any CPU.Build.0 = Debug|Any CPU
		{E23ECCE1-9A30-4166-B3CC-D9D2FCCE1007}.Release|Any CPU.ActiveCfg = Release|Any CPU
		{E23ECCE1-9A30-4166-B3CC-D9D2FCCE1007}.Release|Any CPU.Build.0 = Release|Any CPU
		{906512C7-CC4F-4C83-A3C2-9BA743B91B46}.Debug|Any CPU.ActiveCfg = Debug|Any CPU
		{906512C7-CC4F-4C83-A3C2-9BA743B91B46}.Debug|Any CPU.Build.0 = Debug|Any CPU
		{906512C7-CC4F-4C83-A3C2-9BA743B91B46}.Release|Any CPU.ActiveCfg = Release|Any CPU
		{906512C7-CC4F-4C83-A3C2-9BA743B91B46}.Release|Any CPU.Build.0 = Release|Any CPU
		{CC310C02-4500-4D67-B116-189F02FFC69C}.Debug|Any CPU.ActiveCfg = Debug|Any CPU
		{CC310C02-4500-4D67-B116-189F02FFC69C}.Debug|Any CPU.Build.0 = Debug|Any CPU
		{CC310C02-4500-4D67-B116-189F02FFC69C}.Release|Any CPU.ActiveCfg = Release|Any CPU
		{CC310C02-4500-4D67-B116-189F02FFC69C}.Release|Any CPU.Build.0 = Release|Any CPU
		{21B6D8FD-F48B-4097-9ACE-71A5986BD527}.Debug|Any CPU.ActiveCfg = Debug|Any CPU
		{21B6D8FD-F48B-4097-9ACE-71A5986BD527}.Debug|Any CPU.Build.0 = Debug|Any CPU
		{21B6D8FD-F48B-4097-9ACE-71A5986BD527}.Release|Any CPU.ActiveCfg = Release|Any CPU
		{21B6D8FD-F48B-4097-9ACE-71A5986BD527}.Release|Any CPU.Build.0 = Release|Any CPU
		{63255CC6-46F6-44FB-95E1-B1D18217339B}.Debug|Any CPU.ActiveCfg = Debug|Any CPU
		{63255CC6-46F6-44FB-95E1-B1D18217339B}.Debug|Any CPU.Build.0 = Debug|Any CPU
		{63255CC6-46F6-44FB-95E1-B1D18217339B}.Release|Any CPU.ActiveCfg = Release|Any CPU
		{63255CC6-46F6-44FB-95E1-B1D18217339B}.Release|Any CPU.Build.0 = Release|Any CPU
		{89B57DFE-458C-43CC-ACB6-3A6595B8ECF0}.Debug|Any CPU.ActiveCfg = Debug|Any CPU
		{89B57DFE-458C-43CC-ACB6-3A6595B8ECF0}.Debug|Any CPU.Build.0 = Debug|Any CPU
		{89B57DFE-458C-43CC-ACB6-3A6595B8ECF0}.Release|Any CPU.ActiveCfg = Release|Any CPU
		{89B57DFE-458C-43CC-ACB6-3A6595B8ECF0}.Release|Any CPU.Build.0 = Release|Any CPU
		{9EBA0A95-3AE8-4F0A-B2C2-CF3268028A16}.Debug|Any CPU.ActiveCfg = Debug|Any CPU
		{9EBA0A95-3AE8-4F0A-B2C2-CF3268028A16}.Debug|Any CPU.Build.0 = Debug|Any CPU
		{9EBA0A95-3AE8-4F0A-B2C2-CF3268028A16}.Release|Any CPU.ActiveCfg = Release|Any CPU
		{9EBA0A95-3AE8-4F0A-B2C2-CF3268028A16}.Release|Any CPU.Build.0 = Release|Any CPU
		{C51050B1-DB00-4477-A650-31F2AFB4C173}.Debug|Any CPU.ActiveCfg = Debug|Any CPU
		{C51050B1-DB00-4477-A650-31F2AFB4C173}.Debug|Any CPU.Build.0 = Debug|Any CPU
		{C51050B1-DB00-4477-A650-31F2AFB4C173}.Release|Any CPU.ActiveCfg = Release|Any CPU
		{C51050B1-DB00-4477-A650-31F2AFB4C173}.Release|Any CPU.Build.0 = Release|Any CPU
		{369C4F99-87FE-4D33-9C9C-88DA1D658B8E}.Debug|Any CPU.ActiveCfg = Debug|Any CPU
		{369C4F99-87FE-4D33-9C9C-88DA1D658B8E}.Debug|Any CPU.Build.0 = Debug|Any CPU
		{369C4F99-87FE-4D33-9C9C-88DA1D658B8E}.Release|Any CPU.ActiveCfg = Release|Any CPU
		{369C4F99-87FE-4D33-9C9C-88DA1D658B8E}.Release|Any CPU.Build.0 = Release|Any CPU
		{3EFAF25A-B59D-4E7A-A3CD-B36602E5608C}.Debug|Any CPU.ActiveCfg = Debug|Any CPU
		{3EFAF25A-B59D-4E7A-A3CD-B36602E5608C}.Debug|Any CPU.Build.0 = Debug|Any CPU
		{3EFAF25A-B59D-4E7A-A3CD-B36602E5608C}.Release|Any CPU.ActiveCfg = Release|Any CPU
		{3EFAF25A-B59D-4E7A-A3CD-B36602E5608C}.Release|Any CPU.Build.0 = Release|Any CPU
		{136D6290-B0C1-42A8-ACE5-350ECC26FAEE}.Debug|Any CPU.ActiveCfg = Debug|Any CPU
		{136D6290-B0C1-42A8-ACE5-350ECC26FAEE}.Debug|Any CPU.Build.0 = Debug|Any CPU
		{136D6290-B0C1-42A8-ACE5-350ECC26FAEE}.Release|Any CPU.ActiveCfg = Release|Any CPU
		{136D6290-B0C1-42A8-ACE5-350ECC26FAEE}.Release|Any CPU.Build.0 = Release|Any CPU
		{DDE031BE-02DB-46AA-80CC-B07AC597E25E}.Debug|Any CPU.ActiveCfg = Debug|Any CPU
		{DDE031BE-02DB-46AA-80CC-B07AC597E25E}.Debug|Any CPU.Build.0 = Debug|Any CPU
		{DDE031BE-02DB-46AA-80CC-B07AC597E25E}.Release|Any CPU.ActiveCfg = Release|Any CPU
		{DDE031BE-02DB-46AA-80CC-B07AC597E25E}.Release|Any CPU.Build.0 = Release|Any CPU
		{15CB4536-C7F9-4420-A6B1-899CA1AB04C0}.Debug|Any CPU.ActiveCfg = Debug|Any CPU
		{15CB4536-C7F9-4420-A6B1-899CA1AB04C0}.Debug|Any CPU.Build.0 = Debug|Any CPU
		{15CB4536-C7F9-4420-A6B1-899CA1AB04C0}.Release|Any CPU.ActiveCfg = Release|Any CPU
		{15CB4536-C7F9-4420-A6B1-899CA1AB04C0}.Release|Any CPU.Build.0 = Release|Any CPU
		{F14D290B-E4EA-4A96-A00E-B943E18FFAC4}.Debug|Any CPU.ActiveCfg = Debug|Any CPU
		{F14D290B-E4EA-4A96-A00E-B943E18FFAC4}.Debug|Any CPU.Build.0 = Debug|Any CPU
		{F14D290B-E4EA-4A96-A00E-B943E18FFAC4}.Release|Any CPU.ActiveCfg = Release|Any CPU
		{F14D290B-E4EA-4A96-A00E-B943E18FFAC4}.Release|Any CPU.Build.0 = Release|Any CPU
		{209B55A3-28F7-4B32-AD02-0F8AE092F659}.Debug|Any CPU.ActiveCfg = Debug|Any CPU
		{209B55A3-28F7-4B32-AD02-0F8AE092F659}.Debug|Any CPU.Build.0 = Debug|Any CPU
		{209B55A3-28F7-4B32-AD02-0F8AE092F659}.Release|Any CPU.ActiveCfg = Release|Any CPU
		{209B55A3-28F7-4B32-AD02-0F8AE092F659}.Release|Any CPU.Build.0 = Release|Any CPU
		{3343A0F2-5FA2-4E03-9229-6E362F7648A7}.Debug|Any CPU.ActiveCfg = Debug|Any CPU
		{3343A0F2-5FA2-4E03-9229-6E362F7648A7}.Debug|Any CPU.Build.0 = Debug|Any CPU
		{3343A0F2-5FA2-4E03-9229-6E362F7648A7}.Release|Any CPU.ActiveCfg = Release|Any CPU
		{3343A0F2-5FA2-4E03-9229-6E362F7648A7}.Release|Any CPU.Build.0 = Release|Any CPU
		{03FAC4EF-B987-42FF-AE1A-4AC6D8F3BC3A}.Debug|Any CPU.ActiveCfg = Debug|Any CPU
		{03FAC4EF-B987-42FF-AE1A-4AC6D8F3BC3A}.Debug|Any CPU.Build.0 = Debug|Any CPU
		{03FAC4EF-B987-42FF-AE1A-4AC6D8F3BC3A}.Release|Any CPU.ActiveCfg = Release|Any CPU
		{03FAC4EF-B987-42FF-AE1A-4AC6D8F3BC3A}.Release|Any CPU.Build.0 = Release|Any CPU
		{5DFB18EE-9A1E-43E2-94B8-BE7805352AC9}.Debug|Any CPU.ActiveCfg = Debug|Any CPU
		{5DFB18EE-9A1E-43E2-94B8-BE7805352AC9}.Debug|Any CPU.Build.0 = Debug|Any CPU
		{5DFB18EE-9A1E-43E2-94B8-BE7805352AC9}.Release|Any CPU.ActiveCfg = Release|Any CPU
		{5DFB18EE-9A1E-43E2-94B8-BE7805352AC9}.Release|Any CPU.Build.0 = Release|Any CPU
		{168575C1-9C22-46CD-B1ED-B9045D5AD99C}.Debug|Any CPU.ActiveCfg = Debug|Any CPU
		{168575C1-9C22-46CD-B1ED-B9045D5AD99C}.Debug|Any CPU.Build.0 = Debug|Any CPU
		{168575C1-9C22-46CD-B1ED-B9045D5AD99C}.Release|Any CPU.ActiveCfg = Release|Any CPU
		{168575C1-9C22-46CD-B1ED-B9045D5AD99C}.Release|Any CPU.Build.0 = Release|Any CPU
		{21BB44B3-83CC-46D0-9BC6-F216DA821601}.Debug|Any CPU.ActiveCfg = Debug|Any CPU
		{21BB44B3-83CC-46D0-9BC6-F216DA821601}.Debug|Any CPU.Build.0 = Debug|Any CPU
		{21BB44B3-83CC-46D0-9BC6-F216DA821601}.Release|Any CPU.ActiveCfg = Release|Any CPU
		{21BB44B3-83CC-46D0-9BC6-F216DA821601}.Release|Any CPU.Build.0 = Release|Any CPU
		{A2DD60CD-BA20-4229-853F-433BC56C6BEE}.Debug|Any CPU.ActiveCfg = Debug|Any CPU
		{A2DD60CD-BA20-4229-853F-433BC56C6BEE}.Debug|Any CPU.Build.0 = Debug|Any CPU
		{A2DD60CD-BA20-4229-853F-433BC56C6BEE}.Release|Any CPU.ActiveCfg = Release|Any CPU
		{A2DD60CD-BA20-4229-853F-433BC56C6BEE}.Release|Any CPU.Build.0 = Release|Any CPU
		{F72D3D47-CE4B-4C42-8E48-EB94A838C7AC}.Debug|Any CPU.ActiveCfg = Debug|Any CPU
		{F72D3D47-CE4B-4C42-8E48-EB94A838C7AC}.Debug|Any CPU.Build.0 = Debug|Any CPU
		{F72D3D47-CE4B-4C42-8E48-EB94A838C7AC}.Release|Any CPU.ActiveCfg = Release|Any CPU
		{F72D3D47-CE4B-4C42-8E48-EB94A838C7AC}.Release|Any CPU.Build.0 = Release|Any CPU
		{98999C3D-4013-48AA-8945-C7D6E635CF31}.Debug|Any CPU.ActiveCfg = Debug|Any CPU
		{98999C3D-4013-48AA-8945-C7D6E635CF31}.Debug|Any CPU.Build.0 = Debug|Any CPU
		{98999C3D-4013-48AA-8945-C7D6E635CF31}.Release|Any CPU.ActiveCfg = Release|Any CPU
		{98999C3D-4013-48AA-8945-C7D6E635CF31}.Release|Any CPU.Build.0 = Release|Any CPU
		{24432271-5446-49F0-A026-8A3447043BCF}.Debug|Any CPU.ActiveCfg = Debug|Any CPU
		{24432271-5446-49F0-A026-8A3447043BCF}.Debug|Any CPU.Build.0 = Debug|Any CPU
		{24432271-5446-49F0-A026-8A3447043BCF}.Release|Any CPU.ActiveCfg = Release|Any CPU
		{24432271-5446-49F0-A026-8A3447043BCF}.Release|Any CPU.Build.0 = Release|Any CPU
		{517A329B-28E4-4CA1-8143-3EC96CDF4C41}.Debug|Any CPU.ActiveCfg = Debug|Any CPU
		{517A329B-28E4-4CA1-8143-3EC96CDF4C41}.Debug|Any CPU.Build.0 = Debug|Any CPU
		{517A329B-28E4-4CA1-8143-3EC96CDF4C41}.Release|Any CPU.ActiveCfg = Release|Any CPU
		{517A329B-28E4-4CA1-8143-3EC96CDF4C41}.Release|Any CPU.Build.0 = Release|Any CPU
		{748E882D-6C6D-486E-8507-FD8C897BF879}.Debug|Any CPU.ActiveCfg = Debug|Any CPU
		{748E882D-6C6D-486E-8507-FD8C897BF879}.Debug|Any CPU.Build.0 = Debug|Any CPU
		{748E882D-6C6D-486E-8507-FD8C897BF879}.Release|Any CPU.ActiveCfg = Release|Any CPU
		{748E882D-6C6D-486E-8507-FD8C897BF879}.Release|Any CPU.Build.0 = Release|Any CPU
		{163B47B3-D369-4151-BE22-8550B5F31490}.Debug|Any CPU.ActiveCfg = Debug|Any CPU
		{163B47B3-D369-4151-BE22-8550B5F31490}.Debug|Any CPU.Build.0 = Debug|Any CPU
		{163B47B3-D369-4151-BE22-8550B5F31490}.Release|Any CPU.ActiveCfg = Release|Any CPU
		{163B47B3-D369-4151-BE22-8550B5F31490}.Release|Any CPU.Build.0 = Release|Any CPU
		{4A644B59-43C1-42E7-99A3-C22973443F67}.Debug|Any CPU.ActiveCfg = Debug|Any CPU
		{4A644B59-43C1-42E7-99A3-C22973443F67}.Debug|Any CPU.Build.0 = Debug|Any CPU
		{4A644B59-43C1-42E7-99A3-C22973443F67}.Release|Any CPU.ActiveCfg = Release|Any CPU
		{4A644B59-43C1-42E7-99A3-C22973443F67}.Release|Any CPU.Build.0 = Release|Any CPU
	EndGlobalSection
	GlobalSection(SolutionProperties) = preSolution
		HideSolutionNode = FALSE
	EndGlobalSection
	GlobalSection(ExtensibilityGlobals) = postSolution
		SolutionGuid = {56442C55-E1DF-467F-ADBF-F26765CDA388}
	EndGlobalSection
EndGlobal
